// !$*UTF8*$!
{
	archiveVersion = 1;
	classes = {
	};
	objectVersion = 46;
	objects = {

/* Begin PBXBuildFile section */
		287924731AA788790025C1EA /* AppDelegate.swift in Sources */ = {isa = PBXBuildFile; fileRef = 287924721AA788790025C1EA /* AppDelegate.swift */; };
		287924751AA788790025C1EA /* ViewController.swift in Sources */ = {isa = PBXBuildFile; fileRef = 287924741AA788790025C1EA /* ViewController.swift */; };
		287924781AA788790025C1EA /* Main.storyboard in Resources */ = {isa = PBXBuildFile; fileRef = 287924761AA788790025C1EA /* Main.storyboard */; };
		2879247A1AA788790025C1EA /* Images.xcassets in Resources */ = {isa = PBXBuildFile; fileRef = 287924791AA788790025C1EA /* Images.xcassets */; };
		2879247D1AA788790025C1EA /* LaunchScreen.xib in Resources */ = {isa = PBXBuildFile; fileRef = 2879247B1AA788790025C1EA /* LaunchScreen.xib */; };
		287924891AA788790025C1EA /* HoverBallTests.swift in Sources */ = {isa = PBXBuildFile; fileRef = 287924881AA788790025C1EA /* HoverBallTests.swift */; };
		287924931AA79CDD0025C1EA /* BallScene.swift in Sources */ = {isa = PBXBuildFile; fileRef = 287924921AA79CDD0025C1EA /* BallScene.swift */; };
/* End PBXBuildFile section */

/* Begin PBXContainerItemProxy section */
		287924831AA788790025C1EA /* PBXContainerItemProxy */ = {
			isa = PBXContainerItemProxy;
			containerPortal = 287924651AA788790025C1EA /* Project object */;
			proxyType = 1;
			remoteGlobalIDString = 2879246C1AA788790025C1EA;
			remoteInfo = HoverBall;
		};
/* End PBXContainerItemProxy section */

/* Begin PBXFileReference section */
		2879246D1AA788790025C1EA /* HoverBall.app */ = {isa = PBXFileReference; explicitFileType = wrapper.application; includeInIndex = 0; path = HoverBall.app; sourceTree = BUILT_PRODUCTS_DIR; };
		287924711AA788790025C1EA /* Info.plist */ = {isa = PBXFileReference; lastKnownFileType = text.plist.xml; path = Info.plist; sourceTree = "<group>"; };
		287924721AA788790025C1EA /* AppDelegate.swift */ = {isa = PBXFileReference; lastKnownFileType = sourcecode.swift; path = AppDelegate.swift; sourceTree = "<group>"; };
		287924741AA788790025C1EA /* ViewController.swift */ = {isa = PBXFileReference; lastKnownFileType = sourcecode.swift; path = ViewController.swift; sourceTree = "<group>"; };
		287924771AA788790025C1EA /* Base */ = {isa = PBXFileReference; lastKnownFileType = file.storyboard; name = Base; path = Base.lproj/Main.storyboard; sourceTree = "<group>"; };
		287924791AA788790025C1EA /* Images.xcassets */ = {isa = PBXFileReference; lastKnownFileType = folder.assetcatalog; path = Images.xcassets; sourceTree = "<group>"; };
		2879247C1AA788790025C1EA /* Base */ = {isa = PBXFileReference; lastKnownFileType = file.xib; name = Base; path = Base.lproj/LaunchScreen.xib; sourceTree = "<group>"; };
		287924821AA788790025C1EA /* HoverBallTests.xctest */ = {isa = PBXFileReference; explicitFileType = wrapper.cfbundle; includeInIndex = 0; path = HoverBallTests.xctest; sourceTree = BUILT_PRODUCTS_DIR; };
		287924871AA788790025C1EA /* Info.plist */ = {isa = PBXFileReference; lastKnownFileType = text.plist.xml; path = Info.plist; sourceTree = "<group>"; };
		287924881AA788790025C1EA /* HoverBallTests.swift */ = {isa = PBXFileReference; lastKnownFileType = sourcecode.swift; path = HoverBallTests.swift; sourceTree = "<group>"; };
		287924921AA79CDD0025C1EA /* BallScene.swift */ = {isa = PBXFileReference; fileEncoding = 4; lastKnownFileType = sourcecode.swift; path = BallScene.swift; sourceTree = "<group>"; };
/* End PBXFileReference section */

/* Begin PBXFrameworksBuildPhase section */
		2879246A1AA788790025C1EA /* Frameworks */ = {
			isa = PBXFrameworksBuildPhase;
			buildActionMask = 2147483647;
			files = (
			);
			runOnlyForDeploymentPostprocessing = 0;
		};
		2879247F1AA788790025C1EA /* Frameworks */ = {
			isa = PBXFrameworksBuildPhase;
			buildActionMask = 2147483647;
			files = (
			);
			runOnlyForDeploymentPostprocessing = 0;
		};
/* End PBXFrameworksBuildPhase section */

/* Begin PBXGroup section */
		287924641AA788790025C1EA = {
			isa = PBXGroup;
			children = (
				2879246F1AA788790025C1EA /* HoverBall */,
				287924851AA788790025C1EA /* HoverBallTests */,
				2879246E1AA788790025C1EA /* Products */,
			);
			sourceTree = "<group>";
		};
		2879246E1AA788790025C1EA /* Products */ = {
			isa = PBXGroup;
			children = (
				2879246D1AA788790025C1EA /* HoverBall.app */,
				287924821AA788790025C1EA /* HoverBallTests.xctest */,
			);
			name = Products;
			sourceTree = "<group>";
		};
		2879246F1AA788790025C1EA /* HoverBall */ = {
			isa = PBXGroup;
			children = (
				287924741AA788790025C1EA /* ViewController.swift */,
				287924761AA788790025C1EA /* Main.storyboard */,
				287924921AA79CDD0025C1EA /* BallScene.swift */,
				2879247B1AA788790025C1EA /* LaunchScreen.xib */,
				287924701AA788790025C1EA /* Supporting Files */,
			);
			path = HoverBall;
			sourceTree = "<group>";
		};
		287924701AA788790025C1EA /* Supporting Files */ = {
			isa = PBXGroup;
			children = (
				287924721AA788790025C1EA /* AppDelegate.swift */,
				287924791AA788790025C1EA /* Images.xcassets */,
				287924711AA788790025C1EA /* Info.plist */,
			);
			name = "Supporting Files";
			sourceTree = "<group>";
		};
		287924851AA788790025C1EA /* HoverBallTests */ = {
			isa = PBXGroup;
			children = (
				287924881AA788790025C1EA /* HoverBallTests.swift */,
				287924861AA788790025C1EA /* Supporting Files */,
			);
			path = HoverBallTests;
			sourceTree = "<group>";
		};
		287924861AA788790025C1EA /* Supporting Files */ = {
			isa = PBXGroup;
			children = (
				287924871AA788790025C1EA /* Info.plist */,
			);
			name = "Supporting Files";
			sourceTree = "<group>";
		};
/* End PBXGroup section */

/* Begin PBXNativeTarget section */
		2879246C1AA788790025C1EA /* HoverBall */ = {
			isa = PBXNativeTarget;
			buildConfigurationList = 2879248C1AA788790025C1EA /* Build configuration list for PBXNativeTarget "HoverBall" */;
			buildPhases = (
				287924691AA788790025C1EA /* Sources */,
				2879246A1AA788790025C1EA /* Frameworks */,
				2879246B1AA788790025C1EA /* Resources */,
			);
			buildRules = (
			);
			dependencies = (
			);
			name = HoverBall;
			productName = HoverBall;
			productReference = 2879246D1AA788790025C1EA /* HoverBall.app */;
			productType = "com.apple.product-type.application";
		};
		287924811AA788790025C1EA /* HoverBallTests */ = {
			isa = PBXNativeTarget;
			buildConfigurationList = 2879248F1AA788790025C1EA /* Build configuration list for PBXNativeTarget "HoverBallTests" */;
			buildPhases = (
				2879247E1AA788790025C1EA /* Sources */,
				2879247F1AA788790025C1EA /* Frameworks */,
				287924801AA788790025C1EA /* Resources */,
			);
			buildRules = (
			);
			dependencies = (
				287924841AA788790025C1EA /* PBXTargetDependency */,
			);
			name = HoverBallTests;
			productName = HoverBallTests;
			productReference = 287924821AA788790025C1EA /* HoverBallTests.xctest */;
			productType = "com.apple.product-type.bundle.unit-test";
		};
/* End PBXNativeTarget section */

/* Begin PBXProject section */
		287924651AA788790025C1EA /* Project object */ = {
			isa = PBXProject;
			attributes = {
				LastUpgradeCheck = 0610;
				ORGANIZATIONNAME = "Simas Abramovas";
				TargetAttributes = {
					2879246C1AA788790025C1EA = {
						CreatedOnToolsVersion = 6.1.1;
					};
					287924811AA788790025C1EA = {
						CreatedOnToolsVersion = 6.1.1;
						TestTargetID = 2879246C1AA788790025C1EA;
					};
				};
			};
			buildConfigurationList = 287924681AA788790025C1EA /* Build configuration list for PBXProject "HoverBall" */;
			compatibilityVersion = "Xcode 3.2";
			developmentRegion = English;
			hasScannedForEncodings = 0;
			knownRegions = (
				en,
				Base,
			);
			mainGroup = 287924641AA788790025C1EA;
			productRefGroup = 2879246E1AA788790025C1EA /* Products */;
			projectDirPath = "";
			projectRoot = "";
			targets = (
				2879246C1AA788790025C1EA /* HoverBall */,
				287924811AA788790025C1EA /* HoverBallTests */,
			);
		};
/* End PBXProject section */

/* Begin PBXResourcesBuildPhase section */
		2879246B1AA788790025C1EA /* Resources */ = {
			isa = PBXResourcesBuildPhase;
			buildActionMask = 2147483647;
			files = (
				287924781AA788790025C1EA /* Main.storyboard in Resources */,
				2879247D1AA788790025C1EA /* LaunchScreen.xib in Resources */,
				2879247A1AA788790025C1EA /* Images.xcassets in Resources */,
			);
			runOnlyForDeploymentPostprocessing = 0;
		};
		287924801AA788790025C1EA /* Resources */ = {
			isa = PBXResourcesBuildPhase;
			buildActionMask = 2147483647;
			files = (
			);
			runOnlyForDeploymentPostprocessing = 0;
		};
/* End PBXResourcesBuildPhase section */

/* Begin PBXSourcesBuildPhase section */
		287924691AA788790025C1EA /* Sources */ = {
			isa = PBXSourcesBuildPhase;
			buildActionMask = 2147483647;
			files = (
				287924751AA788790025C1EA /* ViewController.swift in Sources */,
				287924931AA79CDD0025C1EA /* BallScene.swift in Sources */,
				287924731AA788790025C1EA /* AppDelegate.swift in Sources */,
			);
			runOnlyForDeploymentPostprocessing = 0;
		};
		2879247E1AA788790025C1EA /* Sources */ = {
			isa = PBXSourcesBuildPhase;
			buildActionMask = 2147483647;
			files = (
				287924891AA788790025C1EA /* HoverBallTests.swift in Sources */,
			);
			runOnlyForDeploymentPostprocessing = 0;
		};
/* End PBXSourcesBuildPhase section */

/* Begin PBXTargetDependency section */
		287924841AA788790025C1EA /* PBXTargetDependency */ = {
			isa = PBXTargetDependency;
			target = 2879246C1AA788790025C1EA /* HoverBall */;
			targetProxy = 287924831AA788790025C1EA /* PBXContainerItemProxy */;
		};
/* End PBXTargetDependency section */

/* Begin PBXVariantGroup section */
		287924761AA788790025C1EA /* Main.storyboard */ = {
			isa = PBXVariantGroup;
			children = (
				287924771AA788790025C1EA /* Base */,
			);
			name = Main.storyboard;
			sourceTree = "<group>";
		};
		2879247B1AA788790025C1EA /* LaunchScreen.xib */ = {
			isa = PBXVariantGroup;
			children = (
				2879247C1AA788790025C1EA /* Base */,
			);
			name = LaunchScreen.xib;
			sourceTree = "<group>";
		};
/* End PBXVariantGroup section */

/* Begin XCBuildConfiguration section */
		2879248A1AA788790025C1EA /* Debug */ = {
			isa = XCBuildConfiguration;
			buildSettings = {
				ALWAYS_SEARCH_USER_PATHS = NO;
				CLANG_CXX_LANGUAGE_STANDARD = "gnu++0x";
				CLANG_CXX_LIBRARY = "libc++";
				CLANG_ENABLE_MODULES = YES;
				CLANG_ENABLE_OBJC_ARC = YES;
				CLANG_WARN_BOOL_CONVERSION = YES;
				CLANG_WARN_CONSTANT_CONVERSION = YES;
				CLANG_WARN_DIRECT_OBJC_ISA_USAGE = YES_ERROR;
				CLANG_WARN_EMPTY_BODY = YES;
				CLANG_WARN_ENUM_CONVERSION = YES;
				CLANG_WARN_INT_CONVERSION = YES;
				CLANG_WARN_OBJC_ROOT_CLASS = YES_ERROR;
				CLANG_WARN_UNREACHABLE_CODE = YES;
				CLANG_WARN__DUPLICATE_METHOD_MATCH = YES;
				"CODE_SIGN_IDENTITY[sdk=iphoneos*]" = "iPhone Developer";
				COPY_PHASE_STRIP = NO;
				ENABLE_STRICT_OBJC_MSGSEND = YES;
				GCC_C_LANGUAGE_STANDARD = gnu99;
				GCC_DYNAMIC_NO_PIC = NO;
				GCC_OPTIMIZATION_LEVEL = 0;
				GCC_PREPROCESSOR_DEFINITIONS = (
					"DEBUG=1",
					"$(inherited)",
				);
				GCC_SYMBOLS_PRIVATE_EXTERN = NO;
				GCC_WARN_64_TO_32_BIT_CONVERSION = YES;
				GCC_WARN_ABOUT_RETURN_TYPE = YES_ERROR;
				GCC_WARN_UNDECLARED_SELECTOR = YES;
				GCC_WARN_UNINITIALIZED_AUTOS = YES_AGGRESSIVE;
				GCC_WARN_UNUSED_FUNCTION = YES;
				GCC_WARN_UNUSED_VARIABLE = YES;
				IPHONEOS_DEPLOYMENT_TARGET = 8.1;
				MTL_ENABLE_DEBUG_INFO = YES;
				ONLY_ACTIVE_ARCH = YES;
				SDKROOT = iphoneos;
				SWIFT_OPTIMIZATION_LEVEL = "-Onone";
				TARGETED_DEVICE_FAMILY = "1,2";
			};
			name = Debug;
		};
		2879248B1AA788790025C1EA /* Release */ = {
			isa = XCBuildConfiguration;
			buildSettings = {
				ALWAYS_SEARCH_USER_PATHS = NO;
				CLANG_CXX_LANGUAGE_STANDARD = "gnu++0x";
				CLANG_CXX_LIBRARY = "libc++";
				CLANG_ENABLE_MODULES = YES;
				CLANG_ENABLE_OBJC_ARC = YES;
				CLANG_WARN_BOOL_CONVERSION = YES;
				CLANG_WARN_CONSTANT_CONVERSION = YES;
				CLANG_WARN_DIRECT_OBJC_ISA_USAGE = YES_ERROR;
				CLANG_WARN_EMPTY_BODY = YES;
				CLANG_WARN_ENUM_CONVERSION = YES;
				CLANG_WARN_INT_CONVERSION = YES;
				CLANG_WARN_OBJC_ROOT_CLASS = YES_ERROR;
				CLANG_WARN_UNREACHABLE_CODE = YES;
				CLANG_WARN__DUPLICATE_METHOD_MATCH = YES;
				"CODE_SIGN_IDENTITY[sdk=iphoneos*]" = "iPhone Developer";
				COPY_PHASE_STRIP = YES;
				ENABLE_NS_ASSERTIONS = NO;
				ENABLE_STRICT_OBJC_MSGSEND = YES;
				GCC_C_LANGUAGE_STANDARD = gnu99;
				GCC_WARN_64_TO_32_BIT_CONVERSION = YES;
				GCC_WARN_ABOUT_RETURN_TYPE = YES_ERROR;
				GCC_WARN_UNDECLARED_SELECTOR = YES;
				GCC_WARN_UNINITIALIZED_AUTOS = YES_AGGRESSIVE;
				GCC_WARN_UNUSED_FUNCTION = YES;
				GCC_WARN_UNUSED_VARIABLE = YES;
				IPHONEOS_DEPLOYMENT_TARGET = 8.1;
				MTL_ENABLE_DEBUG_INFO = NO;
				SDKROOT = iphoneos;
				TARGETED_DEVICE_FAMILY = "1,2";
				VALIDATE_PRODUCT = YES;
			};
			name = Release;
		};
		2879248D1AA788790025C1EA /* Debug */ = {
			isa = XCBuildConfiguration;
			buildSettings = {
				ASSETCATALOG_COMPILER_APPICON_NAME = AppIcon;
				INFOPLIST_FILE = HoverBall/Info.plist;
				LD_RUNPATH_SEARCH_PATHS = "$(inherited) @executable_path/Frameworks";
				PRODUCT_NAME = "$(TARGET_NAME)";
			};
			name = Debug;
		};
		2879248E1AA788790025C1EA /* Release */ = {
			isa = XCBuildConfiguration;
			buildSettings = {
				ASSETCATALOG_COMPILER_APPICON_NAME = AppIcon;
				INFOPLIST_FILE = HoverBall/Info.plist;
				LD_RUNPATH_SEARCH_PATHS = "$(inherited) @executable_path/Frameworks";
				PRODUCT_NAME = "$(TARGET_NAME)";
			};
			name = Release;
		};
		287924901AA788790025C1EA /* Debug */ = {
			isa = XCBuildConfiguration;
			buildSettings = {
				BUNDLE_LOADER = "$(TEST_HOST)";
				FRAMEWORK_SEARCH_PATHS = (
					"$(SDKROOT)/Developer/Library/Frameworks",
					"$(inherited)",
				);
				GCC_PREPROCESSOR_DEFINITIONS = (
					"DEBUG=1",
					"$(inherited)",
				);
				INFOPLIST_FILE = HoverBallTests/Info.plist;
				LD_RUNPATH_SEARCH_PATHS = "$(inherited) @executable_path/Frameworks @loader_path/Frameworks";
				PRODUCT_NAME = "$(TARGET_NAME)";
				TEST_HOST = "$(BUILT_PRODUCTS_DIR)/HoverBall.app/HoverBall";
			};
			name = Debug;
		};
		287924911AA788790025C1EA /* Release */ = {
			isa = XCBuildConfiguration;
			buildSettings = {
				BUNDLE_LOADER = "$(TEST_HOST)";
				FRAMEWORK_SEARCH_PATHS = (
					"$(SDKROOT)/Developer/Library/Frameworks",
					"$(inherited)",
				);
				INFOPLIST_FILE = HoverBallTests/Info.plist;
				LD_RUNPATH_SEARCH_PATHS = "$(inherited) @executable_path/Frameworks @loader_path/Frameworks";
				PRODUCT_NAME = "$(TARGET_NAME)";
				TEST_HOST = "$(BUILT_PRODUCTS_DIR)/HoverBall.app/HoverBall";
			};
			name = Release;
		};
/* End XCBuildConfiguration section */

/* Begin XCConfigurationList section */
		287924681AA788790025C1EA /* Build configuration list for PBXProject "HoverBall" */ = {
			isa = XCConfigurationList;
			buildConfigurations = (
				2879248A1AA788790025C1EA /* Debug */,
				2879248B1AA788790025C1EA /* Release */,
			);
			defaultConfigurationIsVisible = 0;
			defaultConfigurationName = Release;
		};
		2879248C1AA788790025C1EA /* Build configuration list for PBXNativeTarget "HoverBall" */ = {
			isa = XCConfigurationList;
			buildConfigurations = (
				2879248D1AA788790025C1EA /* Debug */,
				2879248E1AA788790025C1EA /* Release */,
			);
			defaultConfigurationIsVisible = 0;
			defaultConfigurationName = Release;
		};
		2879248F1AA788790025C1EA /* Build configuration list for PBXNativeTarget "HoverBallTests" */ = {
			isa = XCConfigurationList;
			buildConfigurations = (
				287924901AA788790025C1EA /* Debug */,
				287924911AA788790025C1EA /* Release */,
			);
			defaultConfigurationIsVisible = 0;
			defaultConfigurationName = Release;
		};
/* End XCConfigurationList section */
	};
	rootObject = 287924651AA788790025C1EA /* Project object */;
}
