// !$*UTF8*$!
{
	archiveVersion = 1;
	classes = {
	};
	objectVersion = 46;
	objects = {

/* Begin PBXBuildFile section */
		28AB28EA1ADAAB430040B127 /* AppDelegate.swift in Sources */ = {isa = PBXBuildFile; fileRef = 28AB28E91ADAAB430040B127 /* AppDelegate.swift */; };
		28AB28EC1ADAAB430040B127 /* ViewController.swift in Sources */ = {isa = PBXBuildFile; fileRef = 28AB28EB1ADAAB430040B127 /* ViewController.swift */; };
		28AB28EF1ADAAB430040B127 /* Main.storyboard in Resources */ = {isa = PBXBuildFile; fileRef = 28AB28ED1ADAAB430040B127 /* Main.storyboard */; };
		28AB28F11ADAAB430040B127 /* Images.xcassets in Resources */ = {isa = PBXBuildFile; fileRef = 28AB28F01ADAAB430040B127 /* Images.xcassets */; };
		28AB28F41ADAAB430040B127 /* LaunchScreen.xib in Resources */ = {isa = PBXBuildFile; fileRef = 28AB28F21ADAAB430040B127 /* LaunchScreen.xib */; };
		28AB29001ADAAB430040B127 /* SquishyBallTests.swift in Sources */ = {isa = PBXBuildFile; fileRef = 28AB28FF1ADAAB430040B127 /* SquishyBallTests.swift */; };
/* End PBXBuildFile section */

/* Begin PBXContainerItemProxy section */
		28AB28FA1ADAAB430040B127 /* PBXContainerItemProxy */ = {
			isa = PBXContainerItemProxy;
			containerPortal = 28AB28DC1ADAAB430040B127 /* Project object */;
			proxyType = 1;
			remoteGlobalIDString = 28AB28E31ADAAB430040B127;
			remoteInfo = SquishyBall;
		};
/* End PBXContainerItemProxy section */

/* Begin PBXFileReference section */
		28AB28E41ADAAB430040B127 /* SquishyBall.app */ = {isa = PBXFileReference; explicitFileType = wrapper.application; includeInIndex = 0; path = SquishyBall.app; sourceTree = BUILT_PRODUCTS_DIR; };
		28AB28E81ADAAB430040B127 /* Info.plist */ = {isa = PBXFileReference; lastKnownFileType = text.plist.xml; path = Info.plist; sourceTree = "<group>"; };
		28AB28E91ADAAB430040B127 /* AppDelegate.swift */ = {isa = PBXFileReference; lastKnownFileType = sourcecode.swift; path = AppDelegate.swift; sourceTree = "<group>"; };
		28AB28EB1ADAAB430040B127 /* ViewController.swift */ = {isa = PBXFileReference; lastKnownFileType = sourcecode.swift; path = ViewController.swift; sourceTree = "<group>"; };
		28AB28EE1ADAAB430040B127 /* Base */ = {isa = PBXFileReference; lastKnownFileType = file.storyboard; name = Base; path = Base.lproj/Main.storyboard; sourceTree = "<group>"; };
		28AB28F01ADAAB430040B127 /* Images.xcassets */ = {isa = PBXFileReference; lastKnownFileType = folder.assetcatalog; path = Images.xcassets; sourceTree = "<group>"; };
		28AB28F31ADAAB430040B127 /* Base */ = {isa = PBXFileReference; lastKnownFileType = file.xib; name = Base; path = Base.lproj/LaunchScreen.xib; sourceTree = "<group>"; };
		28AB28F91ADAAB430040B127 /* SquishyBallTests.xctest */ = {isa = PBXFileReference; explicitFileType = wrapper.cfbundle; includeInIndex = 0; path = SquishyBallTests.xctest; sourceTree = BUILT_PRODUCTS_DIR; };
		28AB28FE1ADAAB430040B127 /* Info.plist */ = {isa = PBXFileReference; lastKnownFileType = text.plist.xml; path = Info.plist; sourceTree = "<group>"; };
		28AB28FF1ADAAB430040B127 /* SquishyBallTests.swift */ = {isa = PBXFileReference; lastKnownFileType = sourcecode.swift; path = SquishyBallTests.swift; sourceTree = "<group>"; };
/* End PBXFileReference section */

/* Begin PBXFrameworksBuildPhase section */
		28AB28E11ADAAB430040B127 /* Frameworks */ = {
			isa = PBXFrameworksBuildPhase;
			buildActionMask = 2147483647;
			files = (
			);
			runOnlyForDeploymentPostprocessing = 0;
		};
		28AB28F61ADAAB430040B127 /* Frameworks */ = {
			isa = PBXFrameworksBuildPhase;
			buildActionMask = 2147483647;
			files = (
			);
			runOnlyForDeploymentPostprocessing = 0;
		};
/* End PBXFrameworksBuildPhase section */

/* Begin PBXGroup section */
		28AB28DB1ADAAB430040B127 = {
			isa = PBXGroup;
			children = (
				28AB28E61ADAAB430040B127 /* SquishyBall */,
				28AB28FC1ADAAB430040B127 /* SquishyBallTests */,
				28AB28E51ADAAB430040B127 /* Products */,
			);
			sourceTree = "<group>";
		};
		28AB28E51ADAAB430040B127 /* Products */ = {
			isa = PBXGroup;
			children = (
				28AB28E41ADAAB430040B127 /* SquishyBall.app */,
				28AB28F91ADAAB430040B127 /* SquishyBallTests.xctest */,
			);
			name = Products;
			sourceTree = "<group>";
		};
		28AB28E61ADAAB430040B127 /* SquishyBall */ = {
			isa = PBXGroup;
			children = (
				28AB28E91ADAAB430040B127 /* AppDelegate.swift */,
				28AB28EB1ADAAB430040B127 /* ViewController.swift */,
				28AB28ED1ADAAB430040B127 /* Main.storyboard */,
				28AB28F01ADAAB430040B127 /* Images.xcassets */,
				28AB28F21ADAAB430040B127 /* LaunchScreen.xib */,
				28AB28E71ADAAB430040B127 /* Supporting Files */,
			);
			path = SquishyBall;
			sourceTree = "<group>";
		};
		28AB28E71ADAAB430040B127 /* Supporting Files */ = {
			isa = PBXGroup;
			children = (
				28AB28E81ADAAB430040B127 /* Info.plist */,
			);
			name = "Supporting Files";
			sourceTree = "<group>";
		};
		28AB28FC1ADAAB430040B127 /* SquishyBallTests */ = {
			isa = PBXGroup;
			children = (
				28AB28FF1ADAAB430040B127 /* SquishyBallTests.swift */,
				28AB28FD1ADAAB430040B127 /* Supporting Files */,
			);
			path = SquishyBallTests;
			sourceTree = "<group>";
		};
		28AB28FD1ADAAB430040B127 /* Supporting Files */ = {
			isa = PBXGroup;
			children = (
				28AB28FE1ADAAB430040B127 /* Info.plist */,
			);
			name = "Supporting Files";
			sourceTree = "<group>";
		};
/* End PBXGroup section */

/* Begin PBXNativeTarget section */
		28AB28E31ADAAB430040B127 /* SquishyBall */ = {
			isa = PBXNativeTarget;
			buildConfigurationList = 28AB29031ADAAB430040B127 /* Build configuration list for PBXNativeTarget "SquishyBall" */;
			buildPhases = (
				28AB28E01ADAAB430040B127 /* Sources */,
				28AB28E11ADAAB430040B127 /* Frameworks */,
				28AB28E21ADAAB430040B127 /* Resources */,
			);
			buildRules = (
			);
			dependencies = (
			);
			name = SquishyBall;
			productName = SquishyBall;
			productReference = 28AB28E41ADAAB430040B127 /* SquishyBall.app */;
			productType = "com.apple.product-type.application";
		};
		28AB28F81ADAAB430040B127 /* SquishyBallTests */ = {
			isa = PBXNativeTarget;
			buildConfigurationList = 28AB29061ADAAB430040B127 /* Build configuration list for PBXNativeTarget "SquishyBallTests" */;
			buildPhases = (
				28AB28F51ADAAB430040B127 /* Sources */,
				28AB28F61ADAAB430040B127 /* Frameworks */,
				28AB28F71ADAAB430040B127 /* Resources */,
			);
			buildRules = (
			);
			dependencies = (
				28AB28FB1ADAAB430040B127 /* PBXTargetDependency */,
			);
			name = SquishyBallTests;
			productName = SquishyBallTests;
			productReference = 28AB28F91ADAAB430040B127 /* SquishyBallTests.xctest */;
			productType = "com.apple.product-type.bundle.unit-test";
		};
/* End PBXNativeTarget section */

/* Begin PBXProject section */
		28AB28DC1ADAAB430040B127 /* Project object */ = {
			isa = PBXProject;
			attributes = {
				LastUpgradeCheck = 0630;
				ORGANIZATIONNAME = "Simas Abramovas";
				TargetAttributes = {
					28AB28E31ADAAB430040B127 = {
						CreatedOnToolsVersion = 6.3;
					};
					28AB28F81ADAAB430040B127 = {
						CreatedOnToolsVersion = 6.3;
						TestTargetID = 28AB28E31ADAAB430040B127;
					};
				};
			};
			buildConfigurationList = 28AB28DF1ADAAB430040B127 /* Build configuration list for PBXProject "SquishyBall" */;
			compatibilityVersion = "Xcode 3.2";
			developmentRegion = English;
			hasScannedForEncodings = 0;
			knownRegions = (
				en,
				Base,
			);
			mainGroup = 28AB28DB1ADAAB430040B127;
			productRefGroup = 28AB28E51ADAAB430040B127 /* Products */;
			projectDirPath = "";
			projectRoot = "";
			targets = (
				28AB28E31ADAAB430040B127 /* SquishyBall */,
				28AB28F81ADAAB430040B127 /* SquishyBallTests */,
			);
		};
/* End PBXProject section */

/* Begin PBXResourcesBuildPhase section */
		28AB28E21ADAAB430040B127 /* Resources */ = {
			isa = PBXResourcesBuildPhase;
			buildActionMask = 2147483647;
			files = (
				28AB28EF1ADAAB430040B127 /* Main.storyboard in Resources */,
				28AB28F41ADAAB430040B127 /* LaunchScreen.xib in Resources */,
				28AB28F11ADAAB430040B127 /* Images.xcassets in Resources */,
			);
			runOnlyForDeploymentPostprocessing = 0;
		};
		28AB28F71ADAAB430040B127 /* Resources */ = {
			isa = PBXResourcesBuildPhase;
			buildActionMask = 2147483647;
			files = (
			);
			runOnlyForDeploymentPostprocessing = 0;
		};
/* End PBXResourcesBuildPhase section */

/* Begin PBXSourcesBuildPhase section */
		28AB28E01ADAAB430040B127 /* Sources */ = {
			isa = PBXSourcesBuildPhase;
			buildActionMask = 2147483647;
			files = (
				28AB28EC1ADAAB430040B127 /* ViewController.swift in Sources */,
				28AB28EA1ADAAB430040B127 /* AppDelegate.swift in Sources */,
			);
			runOnlyForDeploymentPostprocessing = 0;
		};
		28AB28F51ADAAB430040B127 /* Sources */ = {
			isa = PBXSourcesBuildPhase;
			buildActionMask = 2147483647;
			files = (
				28AB29001ADAAB430040B127 /* SquishyBallTests.swift in Sources */,
			);
			runOnlyForDeploymentPostprocessing = 0;
		};
/* End PBXSourcesBuildPhase section */

/* Begin PBXTargetDependency section */
		28AB28FB1ADAAB430040B127 /* PBXTargetDependency */ = {
			isa = PBXTargetDependency;
			target = 28AB28E31ADAAB430040B127 /* SquishyBall */;
			targetProxy = 28AB28FA1ADAAB430040B127 /* PBXContainerItemProxy */;
		};
/* End PBXTargetDependency section */

/* Begin PBXVariantGroup section */
		28AB28ED1ADAAB430040B127 /* Main.storyboard */ = {
			isa = PBXVariantGroup;
			children = (
				28AB28EE1ADAAB430040B127 /* Base */,
			);
			name = Main.storyboard;
			sourceTree = "<group>";
		};
		28AB28F21ADAAB430040B127 /* LaunchScreen.xib */ = {
			isa = PBXVariantGroup;
			children = (
				28AB28F31ADAAB430040B127 /* Base */,
			);
			name = LaunchScreen.xib;
			sourceTree = "<group>";
		};
/* End PBXVariantGroup section */

/* Begin XCBuildConfiguration section */
		28AB29011ADAAB430040B127 /* Debug */ = {
			isa = XCBuildConfiguration;
			buildSettings = {
				ALWAYS_SEARCH_USER_PATHS = NO;
				CLANG_CXX_LANGUAGE_STANDARD = "gnu++0x";
				CLANG_CXX_LIBRARY = "libc++";
				CLANG_ENABLE_MODULES = YES;
				CLANG_ENABLE_OBJC_ARC = YES;
				CLANG_WARN_BOOL_CONVERSION = YES;
				CLANG_WARN_CONSTANT_CONVERSION = YES;
				CLANG_WARN_DIRECT_OBJC_ISA_USAGE = YES_ERROR;
				CLANG_WARN_EMPTY_BODY = YES;
				CLANG_WARN_ENUM_CONVERSION = YES;
				CLANG_WARN_INT_CONVERSION = YES;
				CLANG_WARN_OBJC_ROOT_CLASS = YES_ERROR;
				CLANG_WARN_UNREACHABLE_CODE = YES;
				CLANG_WARN__DUPLICATE_METHOD_MATCH = YES;
				"CODE_SIGN_IDENTITY[sdk=iphoneos*]" = "iPhone Developer";
				COPY_PHASE_STRIP = NO;
				DEBUG_INFORMATION_FORMAT = "dwarf-with-dsym";
				ENABLE_STRICT_OBJC_MSGSEND = YES;
				GCC_C_LANGUAGE_STANDARD = gnu99;
				GCC_DYNAMIC_NO_PIC = NO;
				GCC_NO_COMMON_BLOCKS = YES;
				GCC_OPTIMIZATION_LEVEL = 0;
				GCC_PREPROCESSOR_DEFINITIONS = (
					"DEBUG=1",
					"$(inherited)",
				);
				GCC_SYMBOLS_PRIVATE_EXTERN = NO;
				GCC_WARN_64_TO_32_BIT_CONVERSION = YES;
				GCC_WARN_ABOUT_RETURN_TYPE = YES_ERROR;
				GCC_WARN_UNDECLARED_SELECTOR = YES;
				GCC_WARN_UNINITIALIZED_AUTOS = YES_AGGRESSIVE;
				GCC_WARN_UNUSED_FUNCTION = YES;
				GCC_WARN_UNUSED_VARIABLE = YES;
				IPHONEOS_DEPLOYMENT_TARGET = 8.3;
				MTL_ENABLE_DEBUG_INFO = YES;
				ONLY_ACTIVE_ARCH = YES;
				SDKROOT = iphoneos;
				SWIFT_OPTIMIZATION_LEVEL = "-Onone";
				TARGETED_DEVICE_FAMILY = "1,2";
			};
			name = Debug;
		};
		28AB29021ADAAB430040B127 /* Release */ = {
			isa = XCBuildConfiguration;
			buildSettings = {
				ALWAYS_SEARCH_USER_PATHS = NO;
				CLANG_CXX_LANGUAGE_STANDARD = "gnu++0x";
				CLANG_CXX_LIBRARY = "libc++";
				CLANG_ENABLE_MODULES = YES;
				CLANG_ENABLE_OBJC_ARC = YES;
				CLANG_WARN_BOOL_CONVERSION = YES;
				CLANG_WARN_CONSTANT_CONVERSION = YES;
				CLANG_WARN_DIRECT_OBJC_ISA_USAGE = YES_ERROR;
				CLANG_WARN_EMPTY_BODY = YES;
				CLANG_WARN_ENUM_CONVERSION = YES;
				CLANG_WARN_INT_CONVERSION = YES;
				CLANG_WARN_OBJC_ROOT_CLASS = YES_ERROR;
				CLANG_WARN_UNREACHABLE_CODE = YES;
				CLANG_WARN__DUPLICATE_METHOD_MATCH = YES;
				"CODE_SIGN_IDENTITY[sdk=iphoneos*]" = "iPhone Developer";
				COPY_PHASE_STRIP = NO;
				DEBUG_INFORMATION_FORMAT = "dwarf-with-dsym";
				ENABLE_NS_ASSERTIONS = NO;
				ENABLE_STRICT_OBJC_MSGSEND = YES;
				GCC_C_LANGUAGE_STANDARD = gnu99;
				GCC_NO_COMMON_BLOCKS = YES;
				GCC_WARN_64_TO_32_BIT_CONVERSION = YES;
				GCC_WARN_ABOUT_RETURN_TYPE = YES_ERROR;
				GCC_WARN_UNDECLARED_SELECTOR = YES;
				GCC_WARN_UNINITIALIZED_AUTOS = YES_AGGRESSIVE;
				GCC_WARN_UNUSED_FUNCTION = YES;
				GCC_WARN_UNUSED_VARIABLE = YES;
				IPHONEOS_DEPLOYMENT_TARGET = 8.3;
				MTL_ENABLE_DEBUG_INFO = NO;
				SDKROOT = iphoneos;
				TARGETED_DEVICE_FAMILY = "1,2";
				VALIDATE_PRODUCT = YES;
			};
			name = Release;
		};
		28AB29041ADAAB430040B127 /* Debug */ = {
			isa = XCBuildConfiguration;
			buildSettings = {
				ASSETCATALOG_COMPILER_APPICON_NAME = AppIcon;
				INFOPLIST_FILE = SquishyBall/Info.plist;
				LD_RUNPATH_SEARCH_PATHS = "$(inherited) @executable_path/Frameworks";
				PRODUCT_NAME = "$(TARGET_NAME)";
			};
			name = Debug;
		};
		28AB29051ADAAB430040B127 /* Release */ = {
			isa = XCBuildConfiguration;
			buildSettings = {
				ASSETCATALOG_COMPILER_APPICON_NAME = AppIcon;
				INFOPLIST_FILE = SquishyBall/Info.plist;
				LD_RUNPATH_SEARCH_PATHS = "$(inherited) @executable_path/Frameworks";
				PRODUCT_NAME = "$(TARGET_NAME)";
			};
			name = Release;
		};
		28AB29071ADAAB430040B127 /* Debug */ = {
			isa = XCBuildConfiguration;
			buildSettings = {
				BUNDLE_LOADER = "$(TEST_HOST)";
				FRAMEWORK_SEARCH_PATHS = (
					"$(SDKROOT)/Developer/Library/Frameworks",
					"$(inherited)",
				);
				GCC_PREPROCESSOR_DEFINITIONS = (
					"DEBUG=1",
					"$(inherited)",
				);
				INFOPLIST_FILE = SquishyBallTests/Info.plist;
				LD_RUNPATH_SEARCH_PATHS = "$(inherited) @executable_path/Frameworks @loader_path/Frameworks";
				PRODUCT_NAME = "$(TARGET_NAME)";
				TEST_HOST = "$(BUILT_PRODUCTS_DIR)/SquishyBall.app/SquishyBall";
			};
			name = Debug;
		};
		28AB29081ADAAB430040B127 /* Release */ = {
			isa = XCBuildConfiguration;
			buildSettings = {
				BUNDLE_LOADER = "$(TEST_HOST)";
				FRAMEWORK_SEARCH_PATHS = (
					"$(SDKROOT)/Developer/Library/Frameworks",
					"$(inherited)",
				);
				INFOPLIST_FILE = SquishyBallTests/Info.plist;
				LD_RUNPATH_SEARCH_PATHS = "$(inherited) @executable_path/Frameworks @loader_path/Frameworks";
				PRODUCT_NAME = "$(TARGET_NAME)";
				TEST_HOST = "$(BUILT_PRODUCTS_DIR)/SquishyBall.app/SquishyBall";
			};
			name = Release;
		};
/* End XCBuildConfiguration section */

/* Begin XCConfigurationList section */
		28AB28DF1ADAAB430040B127 /* Build configuration list for PBXProject "SquishyBall" */ = {
			isa = XCConfigurationList;
			buildConfigurations = (
				28AB29011ADAAB430040B127 /* Debug */,
				28AB29021ADAAB430040B127 /* Release */,
			);
			defaultConfigurationIsVisible = 0;
			defaultConfigurationName = Release;
		};
		28AB29031ADAAB430040B127 /* Build configuration list for PBXNativeTarget "SquishyBall" */ = {
			isa = XCConfigurationList;
			buildConfigurations = (
				28AB29041ADAAB430040B127 /* Debug */,
				28AB29051ADAAB430040B127 /* Release */,
			);
			defaultConfigurationIsVisible = 0;
		};
		28AB29061ADAAB430040B127 /* Build configuration list for PBXNativeTarget "SquishyBallTests" */ = {
			isa = XCConfigurationList;
			buildConfigurations = (
				28AB29071ADAAB430040B127 /* Debug */,
				28AB29081ADAAB430040B127 /* Release */,
			);
			defaultConfigurationIsVisible = 0;
		};
/* End XCConfigurationList section */
	};
	rootObject = 28AB28DC1ADAAB430040B127 /* Project object */;
}
